
Microsoft Visual Studio Solution File, Format Version 12.00
# Visual Studio Version 16
VisualStudioVersion = 16.0.30503.244
MinimumVisualStudioVersion = 10.0.40219.1
Project("{FAE04EC0-301F-11D3-BF4B-00C04F79EFBC}") = "Tour", "Tour.csproj", "{4B0D21D0-62DE-4D65-821A-CF659F94993E}"
EndProject
Project("{FAE04EC0-301F-11D3-BF4B-00C04F79EFBC}") = "client", "..\client\client.csproj", "{BD9C9832-B6C2-477E-855A-1D53BE5A2111}"
EndProject
Project("{FAE04EC0-301F-11D3-BF4B-00C04F79EFBC}") = "host", "..\host\host.csproj", "{74EE7BA3-9F9F-4711-A807-3F539CB93662}"
EndProject
Global
	GlobalSection(SolutionConfigurationPlatforms) = preSolution
		Debug|Any CPU = Debug|Any CPU
		Release|Any CPU = Release|Any CPU
	EndGlobalSection
	GlobalSection(ProjectConfigurationPlatforms) = postSolution
		{4B0D21D0-62DE-4D65-821A-CF659F94993E}.Debug|Any CPU.ActiveCfg = Debug|Any CPU
		{4B0D21D0-62DE-4D65-821A-CF659F94993E}.Debug|Any CPU.Build.0 = Debug|Any CPU
		{4B0D21D0-62DE-4D65-821A-CF659F94993E}.Release|Any CPU.ActiveCfg = Release|Any CPU
		{4B0D21D0-62DE-4D65-821A-CF659F94993E}.Release|Any CPU.Build.0 = Release|Any CPU
		{BD9C9832-B6C2-477E-855A-1D53BE5A2111}.Debug|Any CPU.ActiveCfg = Debug|Any CPU
		{BD9C9832-B6C2-477E-855A-1D53BE5A2111}.Debug|Any CPU.Build.0 = Debug|Any CPU
		{BD9C9832-B6C2-477E-855A-1D53BE5A2111}.Release|Any CPU.ActiveCfg = Release|Any CPU
		{BD9C9832-B6C2-477E-855A-1D53BE5A2111}.Release|Any CPU.Build.0 = Release|Any CPU
		{74EE7BA3-9F9F-4711-A807-3F539CB93662}.Debug|Any CPU.ActiveCfg = Debug|Any CPU
		{74EE7BA3-9F9F-4711-A807-3F539CB93662}.Debug|Any CPU.Build.0 = Debug|Any CPU
		{74EE7BA3-9F9F-4711-A807-3F539CB93662}.Release|Any CPU.ActiveCfg = Release|Any CPU
		{74EE7BA3-9F9F-4711-A807-3F539CB93662}.Release|Any CPU.Build.0 = Release|Any CPU
	EndGlobalSection
	GlobalSection(SolutionProperties) = preSolution
		HideSolutionNode = FALSE
	EndGlobalSection
	GlobalSection(ExtensibilityGlobals) = postSolution
		SolutionGuid = {D6BEB853-B0EF-47FD-BDF7-DE899A55F152}
	EndGlobalSection
EndGlobal
